
Microsoft Visual Studio Solution File, Format Version 12.00
# Visual Studio Version 16
VisualStudioVersion = 16.0.30621.155
MinimumVisualStudioVersion = 10.0.40219.1
Project("{FAE04EC0-301F-11D3-BF4B-00C04F79EFBC}") = "Checkout", "Checkout\Checkout.csproj", "{8DE7C743-3609-4E52-9C24-1AB7DF6CF1C7}"
EndProject
Project("{FAE04EC0-301F-11D3-BF4B-00C04F79EFBC}") = "Checkout.Test", "Checkout.Test\Checkout.Test.csproj", "{32885025-F5AC-414C-94F1-B5DF86C0FD2F}"
EndProject
Project("{FAE04EC0-301F-11D3-BF4B-00C04F79EFBC}") = "Sorted.Checkout", "Sorted.Checkout\Sorted.Checkout.csproj", "{1F2C1B6A-6B6C-4E46-938C-69201851F676}"
EndProject
Global
	GlobalSection(SolutionConfigurationPlatforms) = preSolution
		Debug|Any CPU = Debug|Any CPU
		Release|Any CPU = Release|Any CPU
	EndGlobalSection
	GlobalSection(ProjectConfigurationPlatforms) = postSolution
		{8DE7C743-3609-4E52-9C24-1AB7DF6CF1C7}.Debug|Any CPU.ActiveCfg = Debug|Any CPU
		{8DE7C743-3609-4E52-9C24-1AB7DF6CF1C7}.Debug|Any CPU.Build.0 = Debug|Any CPU
		{8DE7C743-3609-4E52-9C24-1AB7DF6CF1C7}.Release|Any CPU.ActiveCfg = Release|Any CPU
		{8DE7C743-3609-4E52-9C24-1AB7DF6CF1C7}.Release|Any CPU.Build.0 = Release|Any CPU
		{32885025-F5AC-414C-94F1-B5DF86C0FD2F}.Debug|Any CPU.ActiveCfg = Debug|Any CPU
		{32885025-F5AC-414C-94F1-B5DF86C0FD2F}.Debug|Any CPU.Build.0 = Debug|Any CPU
		{32885025-F5AC-414C-94F1-B5DF86C0FD2F}.Release|Any CPU.ActiveCfg = Release|Any CPU
		{32885025-F5AC-414C-94F1-B5DF86C0FD2F}.Release|Any CPU.Build.0 = Release|Any CPU
		{1F2C1B6A-6B6C-4E46-938C-69201851F676}.Debug|Any CPU.ActiveCfg = Debug|Any CPU
		{1F2C1B6A-6B6C-4E46-938C-69201851F676}.Debug|Any CPU.Build.0 = Debug|Any CPU
		{1F2C1B6A-6B6C-4E46-938C-69201851F676}.Release|Any CPU.ActiveCfg = Release|Any CPU
		{1F2C1B6A-6B6C-4E46-938C-69201851F676}.Release|Any CPU.Build.0 = Release|Any CPU
	EndGlobalSection
	GlobalSection(SolutionProperties) = preSolution
		HideSolutionNode = FALSE
	EndGlobalSection
	GlobalSection(ExtensibilityGlobals) = postSolution
		SolutionGuid = {72C9D6D3-E658-47B9-9D9A-706034E8E070}
	EndGlobalSection
EndGlobal
